
Microsoft Visual Studio Solution File, Format Version 12.00
# Visual Studio Version 17
VisualStudioVersion = 17.0.32126.317
MinimumVisualStudioVersion = 10.0.40219.1
Project("{9A19103F-16F7-4668-BE54-9A1E7A4F7556}") = "Sl.WebExtensions", "Sl.WebExtensions\Sl.WebExtensions.csproj", "{BF06D25C-382D-449F-8B67-EC3567D63AA7}"
EndProject
Global
	GlobalSection(SolutionConfigurationPlatforms) = preSolution
		Debug|Any CPU = Debug|Any CPU
		Release|Any CPU = Release|Any CPU
	EndGlobalSection
	GlobalSection(ProjectConfigurationPlatforms) = postSolution
		{BF06D25C-382D-449F-8B67-EC3567D63AA7}.Debug|Any CPU.ActiveCfg = Debug|Any CPU
		{BF06D25C-382D-449F-8B67-EC3567D63AA7}.Debug|Any CPU.Build.0 = Debug|Any CPU
		{BF06D25C-382D-449F-8B67-EC3567D63AA7}.Release|Any CPU.ActiveCfg = Release|Any CPU
		{BF06D25C-382D-449F-8B67-EC3567D63AA7}.Release|Any CPU.Build.0 = Release|Any CPU
	EndGlobalSection
	GlobalSection(SolutionProperties) = preSolution
		HideSolutionNode = FALSE
	EndGlobalSection
	GlobalSection(ExtensibilityGlobals) = postSolution
		SolutionGuid = {0849860F-A544-4BA0-A557-337B6F70F8D2}
	EndGlobalSection
EndGlobal
